
Microsoft Visual Studio Solution File, Format Version 11.00
# Visual Studio 2010
Project("{FAE04EC0-301F-11D3-BF4B-00C04F79EFBC}") = "CAS.ConsoleDemo.SimpleConnection.Search", "CAS.ConsoleDemo.SimpleConnection.Search.csproj", "{BE54E639-D9B0-4CC9-9CAD-B7B7564E51BA}"
EndProject
Global
	GlobalSection(SolutionConfigurationPlatforms) = preSolution
		Debug|x86 = Debug|x86
		Release|x86 = Release|x86
	EndGlobalSection
	GlobalSection(ProjectConfigurationPlatforms) = postSolution
		{BE54E639-D9B0-4CC9-9CAD-B7B7564E51BA}.Debug|x86.ActiveCfg = Debug|x86
		{BE54E639-D9B0-4CC9-9CAD-B7B7564E51BA}.Debug|x86.Build.0 = Debug|x86
		{BE54E639-D9B0-4CC9-9CAD-B7B7564E51BA}.Release|x86.ActiveCfg = Release|x86
		{BE54E639-D9B0-4CC9-9CAD-B7B7564E51BA}.Release|x86.Build.0 = Release|x86
	EndGlobalSection
	GlobalSection(SolutionProperties) = preSolution
		HideSolutionNode = FALSE
	EndGlobalSection
EndGlobal
