
Microsoft Visual Studio Solution File, Format Version 12.00
# Visual Studio 2012
Project("{FAE04EC0-301F-11D3-BF4B-00C04F79EFBC}") = "ChartControlSample", "ChartControlSample.csproj", "{8BC1DD98-A2DA-4E96-81BE-103DBFA5B92B}"
EndProject
Global
	GlobalSection(SolutionConfigurationPlatforms) = preSolution
		Debug|Any CPU = Debug|Any CPU
		Release|Any CPU = Release|Any CPU
	EndGlobalSection
	GlobalSection(ProjectConfigurationPlatforms) = postSolution
		{8BC1DD98-A2DA-4E96-81BE-103DBFA5B92B}.Debug|Any CPU.ActiveCfg = Debug|Any CPU
		{8BC1DD98-A2DA-4E96-81BE-103DBFA5B92B}.Debug|Any CPU.Build.0 = Debug|Any CPU
		{8BC1DD98-A2DA-4E96-81BE-103DBFA5B92B}.Release|Any CPU.ActiveCfg = Release|Any CPU
		{8BC1DD98-A2DA-4E96-81BE-103DBFA5B92B}.Release|Any CPU.Build.0 = Release|Any CPU
	EndGlobalSection
	GlobalSection(SolutionProperties) = preSolution
		HideSolutionNode = FALSE
	EndGlobalSection
EndGlobal
